{
  "originHash" : "d99022b91ac853f09bb937ee0335058ed6f4cff4847bbe80f6a61fb2808fc04c",
  "pins" : [
    {
      "identity" : "swift",
      "kind" : "remoteSourceControl",
      "location" : "https://github.com/RakuyoKit/swift.git",
      "state" : {
        "revision" : "5d13a5fb69e44b637b3eee0f7761077bed29d6ee",
        "version" : "1.4.0"
      }
    },
    {
      "identity" : "swift-argument-parser",
      "kind" : "remoteSourceControl",
      "location" : "https://github.com/apple/swift-argument-parser.git",
      "state" : {
        "revision" : "6a52f3251125d74daf04fcbd5e6f08a75d074382",
        "version" : "1.8.2"
      }
    }
  ],
  "version" : 3
}
